{
  "name": "clim-shop-deploy-main",
  "lockfileVersion": 3,
  "requires": true,
  "packages": {
    "": {
      "dependencies": {
        "lucide": "^0.454.0"
      }
    },
    "node_modules/lucide": {
      "version": "0.454.0",
      "resolved": "https://registry.npmjs.org/lucide/-/lucide-0.454.0.tgz",
      "integrity": "sha512-ndWCoqGeqTYHF+pXhXvzmaWnPEBJbsPNyBbatXF+SoENuOclvxB8MV5slIiyZ5ZgzhvKIu4mWGZA+1Mom2rbuQ=="
    }
  }
}
